
Microsoft Visual Studio Solution File, Format Version 12.00
# Visual Studio Version 17
VisualStudioVersion = 17.12.35527.113 d17.12
MinimumVisualStudioVersion = 10.0.40219.1
Project("{FAE04EC0-301F-11D3-BF4B-00C04F79EFBC}") = "Polimosrfismo", "Polimosrfismo.csproj", "{DDE820A7-FBF0-4F75-ABB6-F7C3DC307047}"
EndProject
Global
	GlobalSection(SolutionConfigurationPlatforms) = preSolution
		Debug|Any CPU = Debug|Any CPU
		Release|Any CPU = Release|Any CPU
	EndGlobalSection
	GlobalSection(ProjectConfigurationPlatforms) = postSolution
		{DDE820A7-FBF0-4F75-ABB6-F7C3DC307047}.Debug|Any CPU.ActiveCfg = Debug|Any CPU
		{DDE820A7-FBF0-4F75-ABB6-F7C3DC307047}.Debug|Any CPU.Build.0 = Debug|Any CPU
		{DDE820A7-FBF0-4F75-ABB6-F7C3DC307047}.Release|Any CPU.ActiveCfg = Release|Any CPU
		{DDE820A7-FBF0-4F75-ABB6-F7C3DC307047}.Release|Any CPU.Build.0 = Release|Any CPU
	EndGlobalSection
	GlobalSection(SolutionProperties) = preSolution
		HideSolutionNode = FALSE
	EndGlobalSection
EndGlobal
